// !$*UTF8*$!
{
	archiveVersion = 1;
	classes = {
	};
	objectVersion = 52;
	objects = {

/* Begin PBXBuildFile section */
		5E33D25C2A4887E82A4AE7B1 /* Pods_DJReader_DJReaderUITests.framework in Frameworks */ = {isa = PBXBuildFile; fileRef = 1D820D5093E0038D5F067071 /* Pods_DJReader_DJReaderUITests.framework */; };
		73073FCA26B3F3BD00F9AFE9 /* AppDelegate.swift in Sources */ = {isa = PBXBuildFile; fileRef = 73073FC926B3F3BD00F9AFE9 /* AppDelegate.swift */; };
		73073FCC26B3F3BD00F9AFE9 /* SceneDelegate.swift in Sources */ = {isa = PBXBuildFile; fileRef = 73073FCB26B3F3BD00F9AFE9 /* SceneDelegate.swift */; };
		73073FCE26B3F3BD00F9AFE9 /* MainFeedViewController.swift in Sources */ = {isa = PBXBuildFile; fileRef = 73073FCD26B3F3BD00F9AFE9 /* MainFeedViewController.swift */; };
		73073FD126B3F3BD00F9AFE9 /* Main.storyboard in Resources */ = {isa = PBXBuildFile; fileRef = 73073FCF26B3F3BD00F9AFE9 /* Main.storyboard */; };
		73073FD326B3F3C000F9AFE9 /* Assets.xcassets in Resources */ = {isa = PBXBuildFile; fileRef = 73073FD226B3F3C000F9AFE9 /* Assets.xcassets */; };
		73073FD626B3F3C000F9AFE9 /* LaunchScreen.storyboard in Resources */ = {isa = PBXBuildFile; fileRef = 73073FD426B3F3C000F9AFE9 /* LaunchScreen.storyboard */; };
		73073FE126B3F3C000F9AFE9 /* DJReaderTests.swift in Sources */ = {isa = PBXBuildFile; fileRef = 73073FE026B3F3C000F9AFE9 /* DJReaderTests.swift */; };
		73073FEC26B3F3C000F9AFE9 /* DJReaderUITests.swift in Sources */ = {isa = PBXBuildFile; fileRef = 73073FEB26B3F3C000F9AFE9 /* DJReaderUITests.swift */; };
		73073FFC26B3F40A00F9AFE9 /* APIClient.swift in Sources */ = {isa = PBXBuildFile; fileRef = 73073FFB26B3F40A00F9AFE9 /* APIClient.swift */; };
		7307400026B3F50900F9AFE9 /* FeedSource.swift in Sources */ = {isa = PBXBuildFile; fileRef = 73073FFF26B3F50900F9AFE9 /* FeedSource.swift */; };
		73730E3C26BC0D0E00DBE71A /* URLConvertible.swift in Sources */ = {isa = PBXBuildFile; fileRef = 73730E3B26BC0D0E00DBE71A /* URLConvertible.swift */; };
		73730E3F26BC0EAC00DBE71A /* ZhihuReportRouter.swift in Sources */ = {isa = PBXBuildFile; fileRef = 73730E3E26BC0EAC00DBE71A /* ZhihuReportRouter.swift */; };
		73730E4126BC0F3900DBE71A /* Router.swift in Sources */ = {isa = PBXBuildFile; fileRef = 73730E4026BC0F3900DBE71A /* Router.swift */; };
		73730E4326BC112900DBE71A /* Error.swift in Sources */ = {isa = PBXBuildFile; fileRef = 73730E4226BC112900DBE71A /* Error.swift */; };
		73730E4526BC164E00DBE71A /* GeneralRouter.swift in Sources */ = {isa = PBXBuildFile; fileRef = 73730E4426BC164E00DBE71A /* GeneralRouter.swift */; };
		73730E4726BC198300DBE71A /* StoryList.swift in Sources */ = {isa = PBXBuildFile; fileRef = 73730E4626BC198300DBE71A /* StoryList.swift */; };
		73730E4A26BC1AA900DBE71A /* FeedConvertible.swift in Sources */ = {isa = PBXBuildFile; fileRef = 73730E4926BC1AA900DBE71A /* FeedConvertible.swift */; };
		73730E4D26BC1F1400DBE71A /* ImageOperation.swift in Sources */ = {isa = PBXBuildFile; fileRef = 73730E4C26BC1F1400DBE71A /* ImageOperation.swift */; };
		73730E4F26BC268800DBE71A /* ImageDownloadManager.swift in Sources */ = {isa = PBXBuildFile; fileRef = 73730E4E26BC268800DBE71A /* ImageDownloadManager.swift */; };
		73730E5126BC287000DBE71A /* UIImageView+Ext.swift in Sources */ = {isa = PBXBuildFile; fileRef = 73730E5026BC287000DBE71A /* UIImageView+Ext.swift */; };
		737642CE26B413B1002E090C /* DJParse.swift in Sources */ = {isa = PBXBuildFile; fileRef = 737642CD26B413B1002E090C /* DJParse.swift */; };
		737642D126B41607002E090C /* ZhihuXMLParser.swift in Sources */ = {isa = PBXBuildFile; fileRef = 737642D026B41607002E090C /* ZhihuXMLParser.swift */; };
		737642D326B416F6002E090C /* Feed.swift in Sources */ = {isa = PBXBuildFile; fileRef = 737642D226B416F6002E090C /* Feed.swift */; };
		737642D526B42675002E090C /* DJDecoder.swift in Sources */ = {isa = PBXBuildFile; fileRef = 737642D426B42675002E090C /* DJDecoder.swift */; };
		73D0037026BA7AE200F841E7 /* CnBetaXMLParser.swift in Sources */ = {isa = PBXBuildFile; fileRef = 73D0036F26BA7AE200F841E7 /* CnBetaXMLParser.swift */; };
		73FE8E0A26B45B8D00B174C2 /* FeedCell.swift in Sources */ = {isa = PBXBuildFile; fileRef = 73FE8E0826B45B8D00B174C2 /* FeedCell.swift */; };
		73FE8E0B26B45B8D00B174C2 /* FeedCell.xib in Resources */ = {isa = PBXBuildFile; fileRef = 73FE8E0926B45B8D00B174C2 /* FeedCell.xib */; };
		73FE8E0F26B467C700B174C2 /* DJColor.swift in Sources */ = {isa = PBXBuildFile; fileRef = 73FE8E0E26B467C700B174C2 /* DJColor.swift */; };
		73FE8E1226B46AC500B174C2 /* UIView+Ext.swift in Sources */ = {isa = PBXBuildFile; fileRef = 73FE8E1126B46AC500B174C2 /* UIView+Ext.swift */; };
		73FE8E1426B46BBC00B174C2 /* UITableViewCell+Ext.swift in Sources */ = {isa = PBXBuildFile; fileRef = 73FE8E1326B46BBC00B174C2 /* UITableViewCell+Ext.swift */; };
		73FE8E1726B46F9A00B174C2 /* SnapKit in Frameworks */ = {isa = PBXBuildFile; productRef = 73FE8E1626B46F9A00B174C2 /* SnapKit */; };
		73FE8E1A26B4766E00B174C2 /* MainFeedViewModel.swift in Sources */ = {isa = PBXBuildFile; fileRef = 73FE8E1926B4766E00B174C2 /* MainFeedViewModel.swift */; };
		73FE8E1C26B47C1800B174C2 /* Enviroment.swift in Sources */ = {isa = PBXBuildFile; fileRef = 73FE8E1B26B47C1800B174C2 /* Enviroment.swift */; };
		73FE8E1E26B47E7800B174C2 /* Coordinator.swift in Sources */ = {isa = PBXBuildFile; fileRef = 73FE8E1D26B47E7800B174C2 /* Coordinator.swift */; };
		73FE8E2226B47ECA00B174C2 /* MainCoordinator.swift in Sources */ = {isa = PBXBuildFile; fileRef = 73FE8E2126B47ECA00B174C2 /* MainCoordinator.swift */; };
		73FE8E2426B47F8000B174C2 /* App.swift in Sources */ = {isa = PBXBuildFile; fileRef = 73FE8E2326B47F8000B174C2 /* App.swift */; };
		73FE8E2826B4814800B174C2 /* UINavigation+Ext.swift in Sources */ = {isa = PBXBuildFile; fileRef = 73FE8E2726B4814800B174C2 /* UINavigation+Ext.swift */; };
		73FE8E2A26B4818400B174C2 /* FeedViewController.swift in Sources */ = {isa = PBXBuildFile; fileRef = 73FE8E2926B4818400B174C2 /* FeedViewController.swift */; };
		73FE8E2C26B4839000B174C2 /* BaseViewController.swift in Sources */ = {isa = PBXBuildFile; fileRef = 73FE8E2B26B4839000B174C2 /* BaseViewController.swift */; };
		73FE8E2F26B4851400B174C2 /* FeedDetailCell.swift in Sources */ = {isa = PBXBuildFile; fileRef = 73FE8E2D26B4851400B174C2 /* FeedDetailCell.swift */; };
		73FE8E3026B4851400B174C2 /* FeedDetailCell.xib in Resources */ = {isa = PBXBuildFile; fileRef = 73FE8E2E26B4851400B174C2 /* FeedDetailCell.xib */; };
		73FE8E3226B4880300B174C2 /* Date+Ext.swift in Sources */ = {isa = PBXBuildFile; fileRef = 73FE8E3126B4880300B174C2 /* Date+Ext.swift */; };
		73FE8E3426B4882B00B174C2 /* DateHelper.swift in Sources */ = {isa = PBXBuildFile; fileRef = 73FE8E3326B4882B00B174C2 /* DateHelper.swift */; };
		73FE8E3B26B51D8F00B174C2 /* libsqlite3.tbd in Frameworks */ = {isa = PBXBuildFile; fileRef = 73FE8E3A26B51D8F00B174C2 /* libsqlite3.tbd */; };
		73FE8E3E26B51DB400B174C2 /* DBManage.swift in Sources */ = {isa = PBXBuildFile; fileRef = 73FE8E3D26B51DB400B174C2 /* DBManage.swift */; };
		73FE8E8726B573ED00B174C2 /* SQLTable.swift in Sources */ = {isa = PBXBuildFile; fileRef = 73FE8E8626B573EC00B174C2 /* SQLTable.swift */; };
		73FE8E8926B57A5D00B174C2 /* FeedItem.swift in Sources */ = {isa = PBXBuildFile; fileRef = 73FE8E8826B57A5D00B174C2 /* FeedItem.swift */; };
		73FE8E8B26B57A7D00B174C2 /* MainFeed.swift in Sources */ = {isa = PBXBuildFile; fileRef = 73FE8E8A26B57A7D00B174C2 /* MainFeed.swift */; };
		73FE8E8F26B68D9400B174C2 /* ArticleWebViewController.swift in Sources */ = {isa = PBXBuildFile; fileRef = 73FE8E8E26B68D9400B174C2 /* ArticleWebViewController.swift */; };
		73FE8E9226B691C900B174C2 /* css.html in Resources */ = {isa = PBXBuildFile; fileRef = 73FE8E9126B691C900B174C2 /* css.html */; };
		763990BB23DD54B0C638316A /* Pods_DJReader.framework in Frameworks */ = {isa = PBXBuildFile; fileRef = 45364EB2669FB8358F228502 /* Pods_DJReader.framework */; };
		DD282965AD87EA8B96239BCC /* Pods_DJReaderTests.framework in Frameworks */ = {isa = PBXBuildFile; fileRef = 75F3D659A0EE147D8E2EC10F /* Pods_DJReaderTests.framework */; };
/* End PBXBuildFile section */

/* Begin PBXContainerItemProxy section */
		73073FDD26B3F3C000F9AFE9 /* PBXContainerItemProxy */ = {
			isa = PBXContainerItemProxy;
			containerPortal = 73073FBE26B3F3BD00F9AFE9 /* Project object */;
			proxyType = 1;
			remoteGlobalIDString = 73073FC526B3F3BD00F9AFE9;
			remoteInfo = DJReader;
		};
		73073FE826B3F3C000F9AFE9 /* PBXContainerItemProxy */ = {
			isa = PBXContainerItemProxy;
			containerPortal = 73073FBE26B3F3BD00F9AFE9 /* Project object */;
			proxyType = 1;
			remoteGlobalIDString = 73073FC526B3F3BD00F9AFE9;
			remoteInfo = DJReader;
		};
/* End PBXContainerItemProxy section */

/* Begin PBXFileReference section */
		1D820D5093E0038D5F067071 /* Pods_DJReader_DJReaderUITests.framework */ = {isa = PBXFileReference; explicitFileType = wrapper.framework; includeInIndex = 0; path = Pods_DJReader_DJReaderUITests.framework; sourceTree = BUILT_PRODUCTS_DIR; };
		45364EB2669FB8358F228502 /* Pods_DJReader.framework */ = {isa = PBXFileReference; explicitFileType = wrapper.framework; includeInIndex = 0; path = Pods_DJReader.framework; sourceTree = BUILT_PRODUCTS_DIR; };
		73073FC626B3F3BD00F9AFE9 /* DJReader.app */ = {isa = PBXFileReference; explicitFileType = wrapper.application; includeInIndex = 0; path = DJReader.app; sourceTree = BUILT_PRODUCTS_DIR; };
		73073FC926B3F3BD00F9AFE9 /* AppDelegate.swift */ = {isa = PBXFileReference; lastKnownFileType = sourcecode.swift; path = AppDelegate.swift; sourceTree = "<group>"; };
		73073FCB26B3F3BD00F9AFE9 /* SceneDelegate.swift */ = {isa = PBXFileReference; lastKnownFileType = sourcecode.swift; path = SceneDelegate.swift; sourceTree = "<group>"; };
		73073FCD26B3F3BD00F9AFE9 /* MainFeedViewController.swift */ = {isa = PBXFileReference; lastKnownFileType = sourcecode.swift; path = MainFeedViewController.swift; sourceTree = "<group>"; };
		73073FD026B3F3BD00F9AFE9 /* Base */ = {isa = PBXFileReference; lastKnownFileType = file.storyboard; name = Base; path = Base.lproj/Main.storyboard; sourceTree = "<group>"; };
		73073FD226B3F3C000F9AFE9 /* Assets.xcassets */ = {isa = PBXFileReference; lastKnownFileType = folder.assetcatalog; path = Assets.xcassets; sourceTree = "<group>"; };
		73073FD526B3F3C000F9AFE9 /* Base */ = {isa = PBXFileReference; lastKnownFileType = file.storyboard; name = Base; path = Base.lproj/LaunchScreen.storyboard; sourceTree = "<group>"; };
		73073FD726B3F3C000F9AFE9 /* Info.plist */ = {isa = PBXFileReference; lastKnownFileType = text.plist.xml; path = Info.plist; sourceTree = "<group>"; };
		73073FDC26B3F3C000F9AFE9 /* DJReaderTests.xctest */ = {isa = PBXFileReference; explicitFileType = wrapper.cfbundle; includeInIndex = 0; path = DJReaderTests.xctest; sourceTree = BUILT_PRODUCTS_DIR; };
		73073FE026B3F3C000F9AFE9 /* DJReaderTests.swift */ = {isa = PBXFileReference; lastKnownFileType = sourcecode.swift; path = DJReaderTests.swift; sourceTree = "<group>"; };
		73073FE226B3F3C000F9AFE9 /* Info.plist */ = {isa = PBXFileReference; lastKnownFileType = text.plist.xml; path = Info.plist; sourceTree = "<group>"; };
		73073FE726B3F3C000F9AFE9 /* DJReaderUITests.xctest */ = {isa = PBXFileReference; explicitFileType = wrapper.cfbundle; includeInIndex = 0; path = DJReaderUITests.xctest; sourceTree = BUILT_PRODUCTS_DIR; };
		73073FEB26B3F3C000F9AFE9 /* DJReaderUITests.swift */ = {isa = PBXFileReference; lastKnownFileType = sourcecode.swift; path = DJReaderUITests.swift; sourceTree = "<group>"; };
		73073FED26B3F3C000F9AFE9 /* Info.plist */ = {isa = PBXFileReference; lastKnownFileType = text.plist.xml; path = Info.plist; sourceTree = "<group>"; };
		73073FFB26B3F40A00F9AFE9 /* APIClient.swift */ = {isa = PBXFileReference; lastKnownFileType = sourcecode.swift; path = APIClient.swift; sourceTree = "<group>"; };
		73073FFF26B3F50900F9AFE9 /* FeedSource.swift */ = {isa = PBXFileReference; lastKnownFileType = sourcecode.swift; path = FeedSource.swift; sourceTree = "<group>"; };
		73730E3B26BC0D0E00DBE71A /* URLConvertible.swift */ = {isa = PBXFileReference; lastKnownFileType = sourcecode.swift; path = URLConvertible.swift; sourceTree = "<group>"; };
		73730E3E26BC0EAC00DBE71A /* ZhihuReportRouter.swift */ = {isa = PBXFileReference; lastKnownFileType = sourcecode.swift; path = ZhihuReportRouter.swift; sourceTree = "<group>"; };
		73730E4026BC0F3900DBE71A /* Router.swift */ = {isa = PBXFileReference; lastKnownFileType = sourcecode.swift; path = Router.swift; sourceTree = "<group>"; };
		73730E4226BC112900DBE71A /* Error.swift */ = {isa = PBXFileReference; lastKnownFileType = sourcecode.swift; path = Error.swift; sourceTree = "<group>"; };
		73730E4426BC164E00DBE71A /* GeneralRouter.swift */ = {isa = PBXFileReference; lastKnownFileType = sourcecode.swift; path = GeneralRouter.swift; sourceTree = "<group>"; };
		73730E4626BC198300DBE71A /* StoryList.swift */ = {isa = PBXFileReference; lastKnownFileType = sourcecode.swift; path = StoryList.swift; sourceTree = "<group>"; };
		73730E4926BC1AA900DBE71A /* FeedConvertible.swift */ = {isa = PBXFileReference; lastKnownFileType = sourcecode.swift; path = FeedConvertible.swift; sourceTree = "<group>"; };
		73730E4C26BC1F1400DBE71A /* ImageOperation.swift */ = {isa = PBXFileReference; lastKnownFileType = sourcecode.swift; path = ImageOperation.swift; sourceTree = "<group>"; };
		73730E4E26BC268800DBE71A /* ImageDownloadManager.swift */ = {isa = PBXFileReference; lastKnownFileType = sourcecode.swift; path = ImageDownloadManager.swift; sourceTree = "<group>"; };
		73730E5026BC287000DBE71A /* UIImageView+Ext.swift */ = {isa = PBXFileReference; lastKnownFileType = sourcecode.swift; path = "UIImageView+Ext.swift"; sourceTree = "<group>"; };
		737642CD26B413B1002E090C /* DJParse.swift */ = {isa = PBXFileReference; lastKnownFileType = sourcecode.swift; path = DJParse.swift; sourceTree = "<group>"; };
		737642D026B41607002E090C /* ZhihuXMLParser.swift */ = {isa = PBXFileReference; lastKnownFileType = sourcecode.swift; path = ZhihuXMLParser.swift; sourceTree = "<group>"; };
		737642D226B416F6002E090C /* Feed.swift */ = {isa = PBXFileReference; lastKnownFileType = sourcecode.swift; path = Feed.swift; sourceTree = "<group>"; };
		737642D426B42675002E090C /* DJDecoder.swift */ = {isa = PBXFileReference; lastKnownFileType = sourcecode.swift; path = DJDecoder.swift; sourceTree = "<group>"; };
		73D0036F26BA7AE200F841E7 /* CnBetaXMLParser.swift */ = {isa = PBXFileReference; lastKnownFileType = sourcecode.swift; path = CnBetaXMLParser.swift; sourceTree = "<group>"; };
		73FE8E0826B45B8D00B174C2 /* FeedCell.swift */ = {isa = PBXFileReference; lastKnownFileType = sourcecode.swift; path = FeedCell.swift; sourceTree = "<group>"; };
		73FE8E0926B45B8D00B174C2 /* FeedCell.xib */ = {isa = PBXFileReference; lastKnownFileType = file.xib; path = FeedCell.xib; sourceTree = "<group>"; };
		73FE8E0E26B467C700B174C2 /* DJColor.swift */ = {isa = PBXFileReference; lastKnownFileType = sourcecode.swift; path = DJColor.swift; sourceTree = "<group>"; };
		73FE8E1126B46AC500B174C2 /* UIView+Ext.swift */ = {isa = PBXFileReference; lastKnownFileType = sourcecode.swift; path = "UIView+Ext.swift"; sourceTree = "<group>"; };
		73FE8E1326B46BBC00B174C2 /* UITableViewCell+Ext.swift */ = {isa = PBXFileReference; lastKnownFileType = sourcecode.swift; path = "UITableViewCell+Ext.swift"; sourceTree = "<group>"; };
		73FE8E1926B4766E00B174C2 /* MainFeedViewModel.swift */ = {isa = PBXFileReference; lastKnownFileType = sourcecode.swift; path = MainFeedViewModel.swift; sourceTree = "<group>"; };
		73FE8E1B26B47C1800B174C2 /* Enviroment.swift */ = {isa = PBXFileReference; lastKnownFileType = sourcecode.swift; path = Enviroment.swift; sourceTree = "<group>"; };
		73FE8E1D26B47E7800B174C2 /* Coordinator.swift */ = {isa = PBXFileReference; lastKnownFileType = sourcecode.swift; path = Coordinator.swift; sourceTree = "<group>"; };
		73FE8E2126B47ECA00B174C2 /* MainCoordinator.swift */ = {isa = PBXFileReference; lastKnownFileType = sourcecode.swift; path = MainCoordinator.swift; sourceTree = "<group>"; };
		73FE8E2326B47F8000B174C2 /* App.swift */ = {isa = PBXFileReference; lastKnownFileType = sourcecode.swift; path = App.swift; sourceTree = "<group>"; };
		73FE8E2726B4814800B174C2 /* UINavigation+Ext.swift */ = {isa = PBXFileReference; lastKnownFileType = sourcecode.swift; path = "UINavigation+Ext.swift"; sourceTree = "<group>"; };
		73FE8E2926B4818400B174C2 /* FeedViewController.swift */ = {isa = PBXFileReference; lastKnownFileType = sourcecode.swift; path = FeedViewController.swift; sourceTree = "<group>"; };
		73FE8E2B26B4839000B174C2 /* BaseViewController.swift */ = {isa = PBXFileReference; lastKnownFileType = sourcecode.swift; path = BaseViewController.swift; sourceTree = "<group>"; };
		73FE8E2D26B4851400B174C2 /* FeedDetailCell.swift */ = {isa = PBXFileReference; lastKnownFileType = sourcecode.swift; path = FeedDetailCell.swift; sourceTree = "<group>"; };
		73FE8E2E26B4851400B174C2 /* FeedDetailCell.xib */ = {isa = PBXFileReference; lastKnownFileType = file.xib; path = FeedDetailCell.xib; sourceTree = "<group>"; };
		73FE8E3126B4880300B174C2 /* Date+Ext.swift */ = {isa = PBXFileReference; lastKnownFileType = sourcecode.swift; path = "Date+Ext.swift"; sourceTree = "<group>"; };
		73FE8E3326B4882B00B174C2 /* DateHelper.swift */ = {isa = PBXFileReference; lastKnownFileType = sourcecode.swift; path = DateHelper.swift; sourceTree = "<group>"; };
		73FE8E3A26B51D8F00B174C2 /* libsqlite3.tbd */ = {isa = PBXFileReference; lastKnownFileType = "sourcecode.text-based-dylib-definition"; name = libsqlite3.tbd; path = usr/lib/libsqlite3.tbd; sourceTree = SDKROOT; };
		73FE8E3D26B51DB400B174C2 /* DBManage.swift */ = {isa = PBXFileReference; lastKnownFileType = sourcecode.swift; path = DBManage.swift; sourceTree = "<group>"; };
		73FE8E8626B573EC00B174C2 /* SQLTable.swift */ = {isa = PBXFileReference; lastKnownFileType = sourcecode.swift; path = SQLTable.swift; sourceTree = "<group>"; };
		73FE8E8826B57A5D00B174C2 /* FeedItem.swift */ = {isa = PBXFileReference; lastKnownFileType = sourcecode.swift; path = FeedItem.swift; sourceTree = "<group>"; };
		73FE8E8A26B57A7D00B174C2 /* MainFeed.swift */ = {isa = PBXFileReference; lastKnownFileType = sourcecode.swift; path = MainFeed.swift; sourceTree = "<group>"; };
		73FE8E8E26B68D9400B174C2 /* ArticleWebViewController.swift */ = {isa = PBXFileReference; lastKnownFileType = sourcecode.swift; path = ArticleWebViewController.swift; sourceTree = "<group>"; };
		73FE8E9126B691C900B174C2 /* css.html */ = {isa = PBXFileReference; fileEncoding = 4; lastKnownFileType = text.html; path = css.html; sourceTree = "<group>"; };
		75F3D659A0EE147D8E2EC10F /* Pods_DJReaderTests.framework */ = {isa = PBXFileReference; explicitFileType = wrapper.framework; includeInIndex = 0; path = Pods_DJReaderTests.framework; sourceTree = BUILT_PRODUCTS_DIR; };
		8CF89B86220797DA89E6EF9C /* Pods-DJReaderTests.debug.xcconfig */ = {isa = PBXFileReference; includeInIndex = 1; lastKnownFileType = text.xcconfig; name = "Pods-DJReaderTests.debug.xcconfig"; path = "Target Support Files/Pods-DJReaderTests/Pods-DJReaderTests.debug.xcconfig"; sourceTree = "<group>"; };
		B94EFB3857F065D9256D5D23 /* Pods-DJReader.debug.xcconfig */ = {isa = PBXFileReference; includeInIndex = 1; lastKnownFileType = text.xcconfig; name = "Pods-DJReader.debug.xcconfig"; path = "Target Support Files/Pods-DJReader/Pods-DJReader.debug.xcconfig"; sourceTree = "<group>"; };
		BFE47BCEDD7102A4957584A9 /* Pods-DJReaderTests.release.xcconfig */ = {isa = PBXFileReference; includeInIndex = 1; lastKnownFileType = text.xcconfig; name = "Pods-DJReaderTests.release.xcconfig"; path = "Target Support Files/Pods-DJReaderTests/Pods-DJReaderTests.release.xcconfig"; sourceTree = "<group>"; };
		CBAB89C882FCC94640384D40 /* Pods-DJReader-DJReaderUITests.release.xcconfig */ = {isa = PBXFileReference; includeInIndex = 1; lastKnownFileType = text.xcconfig; name = "Pods-DJReader-DJReaderUITests.release.xcconfig"; path = "Target Support Files/Pods-DJReader-DJReaderUITests/Pods-DJReader-DJReaderUITests.release.xcconfig"; sourceTree = "<group>"; };
		D10808D7ECCFB02765618E75 /* Pods-DJReader-DJReaderUITests.debug.xcconfig */ = {isa = PBXFileReference; includeInIndex = 1; lastKnownFileType = text.xcconfig; name = "Pods-DJReader-DJReaderUITests.debug.xcconfig"; path = "Target Support Files/Pods-DJReader-DJReaderUITests/Pods-DJReader-DJReaderUITests.debug.xcconfig"; sourceTree = "<group>"; };
		F99CF32702E8D059BEC59322 /* Pods-DJReader.release.xcconfig */ = {isa = PBXFileReference; includeInIndex = 1; lastKnownFileType = text.xcconfig; name = "Pods-DJReader.release.xcconfig"; path = "Target Support Files/Pods-DJReader/Pods-DJReader.release.xcconfig"; sourceTree = "<group>"; };
/* End PBXFileReference section */

/* Begin PBXFrameworksBuildPhase section */
		73073FC326B3F3BD00F9AFE9 /* Frameworks */ = {
			isa = PBXFrameworksBuildPhase;
			buildActionMask = 2147483647;
			files = (
				73FE8E3B26B51D8F00B174C2 /* libsqlite3.tbd in Frameworks */,
				73FE8E1726B46F9A00B174C2 /* SnapKit in Frameworks */,
				763990BB23DD54B0C638316A /* Pods_DJReader.framework in Frameworks */,
			);
			runOnlyForDeploymentPostprocessing = 0;
		};
		73073FD926B3F3C000F9AFE9 /* Frameworks */ = {
			isa = PBXFrameworksBuildPhase;
			buildActionMask = 2147483647;
			files = (
				DD282965AD87EA8B96239BCC /* Pods_DJReaderTests.framework in Frameworks */,
			);
			runOnlyForDeploymentPostprocessing = 0;
		};
		73073FE426B3F3C000F9AFE9 /* Frameworks */ = {
			isa = PBXFrameworksBuildPhase;
			buildActionMask = 2147483647;
			files = (
				5E33D25C2A4887E82A4AE7B1 /* Pods_DJReader_DJReaderUITests.framework in Frameworks */,
			);
			runOnlyForDeploymentPostprocessing = 0;
		};
/* End PBXFrameworksBuildPhase section */

/* Begin PBXGroup section */
		6CF019BB73B09F50A7A97E95 /* Pods */ = {
			isa = PBXGroup;
			children = (
				B94EFB3857F065D9256D5D23 /* Pods-DJReader.debug.xcconfig */,
				F99CF32702E8D059BEC59322 /* Pods-DJReader.release.xcconfig */,
				D10808D7ECCFB02765618E75 /* Pods-DJReader-DJReaderUITests.debug.xcconfig */,
				CBAB89C882FCC94640384D40 /* Pods-DJReader-DJReaderUITests.release.xcconfig */,
				8CF89B86220797DA89E6EF9C /* Pods-DJReaderTests.debug.xcconfig */,
				BFE47BCEDD7102A4957584A9 /* Pods-DJReaderTests.release.xcconfig */,
			);
			path = Pods;
			sourceTree = "<group>";
		};
		73073FBD26B3F3BD00F9AFE9 = {
			isa = PBXGroup;
			children = (
				73073FC826B3F3BD00F9AFE9 /* DJReader */,
				73073FDF26B3F3C000F9AFE9 /* DJReaderTests */,
				73073FEA26B3F3C000F9AFE9 /* DJReaderUITests */,
				73073FC726B3F3BD00F9AFE9 /* Products */,
				73FE8E3926B51D8F00B174C2 /* Frameworks */,
				6CF019BB73B09F50A7A97E95 /* Pods */,
			);
			sourceTree = "<group>";
		};
		73073FC726B3F3BD00F9AFE9 /* Products */ = {
			isa = PBXGroup;
			children = (
				73073FC626B3F3BD00F9AFE9 /* DJReader.app */,
				73073FDC26B3F3C000F9AFE9 /* DJReaderTests.xctest */,
				73073FE726B3F3C000F9AFE9 /* DJReaderUITests.xctest */,
			);
			name = Products;
			sourceTree = "<group>";
		};
		73073FC826B3F3BD00F9AFE9 /* DJReader */ = {
			isa = PBXGroup;
			children = (
				73FE8E9026B691B400B174C2 /* Resource */,
				73FE8E2526B4810900B174C2 /* Business */,
				73073FF926B3F3D400F9AFE9 /* Vendor */,
				73073FC926B3F3BD00F9AFE9 /* AppDelegate.swift */,
				73073FCB26B3F3BD00F9AFE9 /* SceneDelegate.swift */,
				73073FCF26B3F3BD00F9AFE9 /* Main.storyboard */,
				73073FD226B3F3C000F9AFE9 /* Assets.xcassets */,
				73073FD426B3F3C000F9AFE9 /* LaunchScreen.storyboard */,
				73073FD726B3F3C000F9AFE9 /* Info.plist */,
			);
			path = DJReader;
			sourceTree = "<group>";
		};
		73073FDF26B3F3C000F9AFE9 /* DJReaderTests */ = {
			isa = PBXGroup;
			children = (
				73073FE026B3F3C000F9AFE9 /* DJReaderTests.swift */,
				73073FE226B3F3C000F9AFE9 /* Info.plist */,
			);
			path = DJReaderTests;
			sourceTree = "<group>";
		};
		73073FEA26B3F3C000F9AFE9 /* DJReaderUITests */ = {
			isa = PBXGroup;
			children = (
				73073FEB26B3F3C000F9AFE9 /* DJReaderUITests.swift */,
				73073FED26B3F3C000F9AFE9 /* Info.plist */,
			);
			path = DJReaderUITests;
			sourceTree = "<group>";
		};
		73073FF926B3F3D400F9AFE9 /* Vendor */ = {
			isa = PBXGroup;
			children = (
				73FE8E2326B47F8000B174C2 /* App.swift */,
				73FE8E3C26B51DA100B174C2 /* Database */,
				737642CF26B415F7002E090C /* Parses */,
				73FE8E2026B47EB500B174C2 /* Common */,
				73FE8E1026B46A8E00B174C2 /* Extension */,
				73FE8E0D26B467B300B174C2 /* Consts */,
				737642CA26B410FE002E090C /* Utils */,
				7307400326B3FB7F00F9AFE9 /* Protocol */,
				73073FFA26B3F3FC00F9AFE9 /* Network */,
			);
			path = Vendor;
			sourceTree = "<group>";
		};
		73073FFA26B3F3FC00F9AFE9 /* Network */ = {
			isa = PBXGroup;
			children = (
				73073FFB26B3F40A00F9AFE9 /* APIClient.swift */,
				73073FFF26B3F50900F9AFE9 /* FeedSource.swift */,
			);
			path = Network;
			sourceTree = "<group>";
		};
		73073FFD26B3F43100F9AFE9 /* ViewController */ = {
			isa = PBXGroup;
			children = (
				73073FCD26B3F3BD00F9AFE9 /* MainFeedViewController.swift */,
				73FE8E2926B4818400B174C2 /* FeedViewController.swift */,
				73FE8E1826B4765B00B174C2 /* ViewModel */,
				73FE8E0C26B45B9400B174C2 /* Cell */,
				73FE8E2B26B4839000B174C2 /* BaseViewController.swift */,
				73FE8E8E26B68D9400B174C2 /* ArticleWebViewController.swift */,
			);
			path = ViewController;
			sourceTree = "<group>";
		};
		73073FFE26B3F46400F9AFE9 /* Model */ = {
			isa = PBXGroup;
			children = (
				737642D226B416F6002E090C /* Feed.swift */,
				73FE8E8826B57A5D00B174C2 /* FeedItem.swift */,
				73FE8E8A26B57A7D00B174C2 /* MainFeed.swift */,
				73730E4626BC198300DBE71A /* StoryList.swift */,
			);
			path = Model;
			sourceTree = "<group>";
		};
		7307400326B3FB7F00F9AFE9 /* Protocol */ = {
			isa = PBXGroup;
			children = (
				737642CD26B413B1002E090C /* DJParse.swift */,
				73FE8E1D26B47E7800B174C2 /* Coordinator.swift */,
				73730E3B26BC0D0E00DBE71A /* URLConvertible.swift */,
				73730E4226BC112900DBE71A /* Error.swift */,
			);
			path = Protocol;
			sourceTree = "<group>";
		};
		73730E3D26BC0EA000DBE71A /* Network */ = {
			isa = PBXGroup;
			children = (
				73730E3E26BC0EAC00DBE71A /* ZhihuReportRouter.swift */,
				73730E4026BC0F3900DBE71A /* Router.swift */,
				73730E4426BC164E00DBE71A /* GeneralRouter.swift */,
			);
			path = Network;
			sourceTree = "<group>";
		};
		73730E4826BC1A9000DBE71A /* Protocol */ = {
			isa = PBXGroup;
			children = (
				73730E4926BC1AA900DBE71A /* FeedConvertible.swift */,
			);
			path = Protocol;
			sourceTree = "<group>";
		};
		73730E4B26BC1EED00DBE71A /* Image */ = {
			isa = PBXGroup;
			children = (
				73730E4C26BC1F1400DBE71A /* ImageOperation.swift */,
				73730E4E26BC268800DBE71A /* ImageDownloadManager.swift */,
				73730E5026BC287000DBE71A /* UIImageView+Ext.swift */,
			);
			path = Image;
			sourceTree = "<group>";
		};
		737642CA26B410FE002E090C /* Utils */ = {
			isa = PBXGroup;
			children = (
				73730E4B26BC1EED00DBE71A /* Image */,
				73FE8E3326B4882B00B174C2 /* DateHelper.swift */,
			);
			path = Utils;
			sourceTree = "<group>";
		};
		737642CF26B415F7002E090C /* Parses */ = {
			isa = PBXGroup;
			children = (
				737642D426B42675002E090C /* DJDecoder.swift */,
			);
			path = Parses;
			sourceTree = "<group>";
		};
		73D0036D26BA7AA900F841E7 /* Parse */ = {
			isa = PBXGroup;
			children = (
				737642D026B41607002E090C /* ZhihuXMLParser.swift */,
				73D0036F26BA7AE200F841E7 /* CnBetaXMLParser.swift */,
			);
			path = Parse;
			sourceTree = "<group>";
		};
		73D0036E26BA7AB900F841E7 /* Utils */ = {
			isa = PBXGroup;
			children = (
				73D0036D26BA7AA900F841E7 /* Parse */,
			);
			path = Utils;
			sourceTree = "<group>";
		};
		73FE8E0326B45B0E00B174C2 /* View */ = {
			isa = PBXGroup;
			children = (
			);
			path = View;
			sourceTree = "<group>";
		};
		73FE8E0C26B45B9400B174C2 /* Cell */ = {
			isa = PBXGroup;
			children = (
				73FE8E0826B45B8D00B174C2 /* FeedCell.swift */,
				73FE8E0926B45B8D00B174C2 /* FeedCell.xib */,
				73FE8E2D26B4851400B174C2 /* FeedDetailCell.swift */,
				73FE8E2E26B4851400B174C2 /* FeedDetailCell.xib */,
			);
			path = Cell;
			sourceTree = "<group>";
		};
		73FE8E0D26B467B300B174C2 /* Consts */ = {
			isa = PBXGroup;
			children = (
				73FE8E0E26B467C700B174C2 /* DJColor.swift */,
				73FE8E1B26B47C1800B174C2 /* Enviroment.swift */,
			);
			path = Consts;
			sourceTree = "<group>";
		};
		73FE8E1026B46A8E00B174C2 /* Extension */ = {
			isa = PBXGroup;
			children = (
				73FE8E1126B46AC500B174C2 /* UIView+Ext.swift */,
				73FE8E1326B46BBC00B174C2 /* UITableViewCell+Ext.swift */,
				73FE8E3126B4880300B174C2 /* Date+Ext.swift */,
			);
			path = Extension;
			sourceTree = "<group>";
		};
		73FE8E1826B4765B00B174C2 /* ViewModel */ = {
			isa = PBXGroup;
			children = (
				73FE8E1926B4766E00B174C2 /* MainFeedViewModel.swift */,
			);
			path = ViewModel;
			sourceTree = "<group>";
		};
		73FE8E2026B47EB500B174C2 /* Common */ = {
			isa = PBXGroup;
			children = (
				73FE8E2126B47ECA00B174C2 /* MainCoordinator.swift */,
			);
			path = Common;
			sourceTree = "<group>";
		};
		73FE8E2526B4810900B174C2 /* Business */ = {
			isa = PBXGroup;
			children = (
				73730E4826BC1A9000DBE71A /* Protocol */,
				73730E3D26BC0EA000DBE71A /* Network */,
				73D0036E26BA7AB900F841E7 /* Utils */,
				73FE8E3526B5156F00B174C2 /* Database */,
				73FE8E2626B4813300B174C2 /* Extension */,
				73073FFD26B3F43100F9AFE9 /* ViewController */,
				73FE8E0326B45B0E00B174C2 /* View */,
				73073FFE26B3F46400F9AFE9 /* Model */,
			);
			path = Business;
			sourceTree = "<group>";
		};
		73FE8E2626B4813300B174C2 /* Extension */ = {
			isa = PBXGroup;
			children = (
				73FE8E2726B4814800B174C2 /* UINavigation+Ext.swift */,
			);
			path = Extension;
			sourceTree = "<group>";
		};
		73FE8E3526B5156F00B174C2 /* Database */ = {
			isa = PBXGroup;
			children = (
			);
			path = Database;
			sourceTree = "<group>";
		};
		73FE8E3926B51D8F00B174C2 /* Frameworks */ = {
			isa = PBXGroup;
			children = (
				73FE8E3A26B51D8F00B174C2 /* libsqlite3.tbd */,
				45364EB2669FB8358F228502 /* Pods_DJReader.framework */,
				1D820D5093E0038D5F067071 /* Pods_DJReader_DJReaderUITests.framework */,
				75F3D659A0EE147D8E2EC10F /* Pods_DJReaderTests.framework */,
			);
			name = Frameworks;
			sourceTree = "<group>";
		};
		73FE8E3C26B51DA100B174C2 /* Database */ = {
			isa = PBXGroup;
			children = (
				73FE8E3D26B51DB400B174C2 /* DBManage.swift */,
				73FE8E8626B573EC00B174C2 /* SQLTable.swift */,
			);
			path = Database;
			sourceTree = "<group>";
		};
		73FE8E9026B691B400B174C2 /* Resource */ = {
			isa = PBXGroup;
			children = (
				73FE8E9126B691C900B174C2 /* css.html */,
			);
			path = Resource;
			sourceTree = "<group>";
		};
/* End PBXGroup section */

/* Begin PBXNativeTarget section */
		73073FC526B3F3BD00F9AFE9 /* DJReader */ = {
			isa = PBXNativeTarget;
			buildConfigurationList = 73073FF026B3F3C000F9AFE9 /* Build configuration list for PBXNativeTarget "DJReader" */;
			buildPhases = (
				7EE4E3E2108B8329B387384C /* [CP] Check Pods Manifest.lock */,
				73073FC226B3F3BD00F9AFE9 /* Sources */,
				73073FC326B3F3BD00F9AFE9 /* Frameworks */,
				73073FC426B3F3BD00F9AFE9 /* Resources */,
				1423E32D7A8F111A2C7E3DA8 /* [CP] Embed Pods Frameworks */,
			);
			buildRules = (
			);
			dependencies = (
			);
			name = DJReader;
			packageProductDependencies = (
				73FE8E1626B46F9A00B174C2 /* SnapKit */,
			);
			productName = DJReader;
			productReference = 73073FC626B3F3BD00F9AFE9 /* DJReader.app */;
			productType = "com.apple.product-type.application";
		};
		73073FDB26B3F3C000F9AFE9 /* DJReaderTests */ = {
			isa = PBXNativeTarget;
			buildConfigurationList = 73073FF326B3F3C000F9AFE9 /* Build configuration list for PBXNativeTarget "DJReaderTests" */;
			buildPhases = (
				D41E3A016F2EB969EF22E9B6 /* [CP] Check Pods Manifest.lock */,
				73073FD826B3F3C000F9AFE9 /* Sources */,
				73073FD926B3F3C000F9AFE9 /* Frameworks */,
				73073FDA26B3F3C000F9AFE9 /* Resources */,
			);
			buildRules = (
			);
			dependencies = (
				73073FDE26B3F3C000F9AFE9 /* PBXTargetDependency */,
			);
			name = DJReaderTests;
			productName = DJReaderTests;
			productReference = 73073FDC26B3F3C000F9AFE9 /* DJReaderTests.xctest */;
			productType = "com.apple.product-type.bundle.unit-test";
		};
		73073FE626B3F3C000F9AFE9 /* DJReaderUITests */ = {
			isa = PBXNativeTarget;
			buildConfigurationList = 73073FF626B3F3C000F9AFE9 /* Build configuration list for PBXNativeTarget "DJReaderUITests" */;
			buildPhases = (
				7895F21337023E5612BAB853 /* [CP] Check Pods Manifest.lock */,
				73073FE326B3F3C000F9AFE9 /* Sources */,
				73073FE426B3F3C000F9AFE9 /* Frameworks */,
				73073FE526B3F3C000F9AFE9 /* Resources */,
				2BC0AB2CBB0059E03E2C20BF /* [CP] Embed Pods Frameworks */,
			);
			buildRules = (
			);
			dependencies = (
				73073FE926B3F3C000F9AFE9 /* PBXTargetDependency */,
			);
			name = DJReaderUITests;
			productName = DJReaderUITests;
			productReference = 73073FE726B3F3C000F9AFE9 /* DJReaderUITests.xctest */;
			productType = "com.apple.product-type.bundle.ui-testing";
		};
/* End PBXNativeTarget section */

/* Begin PBXProject section */
		73073FBE26B3F3BD00F9AFE9 /* Project object */ = {
			isa = PBXProject;
			attributes = {
				LastSwiftUpdateCheck = 1250;
				LastUpgradeCheck = 1250;
				TargetAttributes = {
					73073FC526B3F3BD00F9AFE9 = {
						CreatedOnToolsVersion = 12.5.1;
					};
					73073FDB26B3F3C000F9AFE9 = {
						CreatedOnToolsVersion = 12.5.1;
						TestTargetID = 73073FC526B3F3BD00F9AFE9;
					};
					73073FE626B3F3C000F9AFE9 = {
						CreatedOnToolsVersion = 12.5.1;
						TestTargetID = 73073FC526B3F3BD00F9AFE9;
					};
				};
			};
			buildConfigurationList = 73073FC126B3F3BD00F9AFE9 /* Build configuration list for PBXProject "DJReader" */;
			compatibilityVersion = "Xcode 9.3";
			developmentRegion = en;
			hasScannedForEncodings = 0;
			knownRegions = (
				en,
				Base,
			);
			mainGroup = 73073FBD26B3F3BD00F9AFE9;
			packageReferences = (
				73FE8E1526B46F9A00B174C2 /* XCRemoteSwiftPackageReference "SnapKit" */,
			);
			productRefGroup = 73073FC726B3F3BD00F9AFE9 /* Products */;
			projectDirPath = "";
			projectRoot = "";
			targets = (
				73073FC526B3F3BD00F9AFE9 /* DJReader */,
				73073FDB26B3F3C000F9AFE9 /* DJReaderTests */,
				73073FE626B3F3C000F9AFE9 /* DJReaderUITests */,
			);
		};
/* End PBXProject section */

/* Begin PBXResourcesBuildPhase section */
		73073FC426B3F3BD00F9AFE9 /* Resources */ = {
			isa = PBXResourcesBuildPhase;
			buildActionMask = 2147483647;
			files = (
				73073FD626B3F3C000F9AFE9 /* LaunchScreen.storyboard in Resources */,
				73FE8E0B26B45B8D00B174C2 /* FeedCell.xib in Resources */,
				73FE8E9226B691C900B174C2 /* css.html in Resources */,
				73FE8E3026B4851400B174C2 /* FeedDetailCell.xib in Resources */,
				73073FD326B3F3C000F9AFE9 /* Assets.xcassets in Resources */,
				73073FD126B3F3BD00F9AFE9 /* Main.storyboard in Resources */,
			);
			runOnlyForDeploymentPostprocessing = 0;
		};
		73073FDA26B3F3C000F9AFE9 /* Resources */ = {
			isa = PBXResourcesBuildPhase;
			buildActionMask = 2147483647;
			files = (
			);
			runOnlyForDeploymentPostprocessing = 0;
		};
		73073FE526B3F3C000F9AFE9 /* Resources */ = {
			isa = PBXResourcesBuildPhase;
			buildActionMask = 2147483647;
			files = (
			);
			runOnlyForDeploymentPostprocessing = 0;
		};
/* End PBXResourcesBuildPhase section */

/* Begin PBXShellScriptBuildPhase section */
		1423E32D7A8F111A2C7E3DA8 /* [CP] Embed Pods Frameworks */ = {
			isa = PBXShellScriptBuildPhase;
			buildActionMask = 2147483647;
			files = (
			);
			inputFileListPaths = (
				"${PODS_ROOT}/Target Support Files/Pods-DJReader/Pods-DJReader-frameworks-${CONFIGURATION}-input-files.xcfilelist",
			);
			name = "[CP] Embed Pods Frameworks";
			outputFileListPaths = (
				"${PODS_ROOT}/Target Support Files/Pods-DJReader/Pods-DJReader-frameworks-${CONFIGURATION}-output-files.xcfilelist",
			);
			runOnlyForDeploymentPostprocessing = 0;
			shellPath = /bin/sh;
			shellScript = "\"${PODS_ROOT}/Target Support Files/Pods-DJReader/Pods-DJReader-frameworks.sh\"\n";
			showEnvVarsInLog = 0;
		};
		2BC0AB2CBB0059E03E2C20BF /* [CP] Embed Pods Frameworks */ = {
			isa = PBXShellScriptBuildPhase;
			buildActionMask = 2147483647;
			files = (
			);
			inputFileListPaths = (
				"${PODS_ROOT}/Target Support Files/Pods-DJReader-DJReaderUITests/Pods-DJReader-DJReaderUITests-frameworks-${CONFIGURATION}-input-files.xcfilelist",
			);
			name = "[CP] Embed Pods Frameworks";
			outputFileListPaths = (
				"${PODS_ROOT}/Target Support Files/Pods-DJReader-DJReaderUITests/Pods-DJReader-DJReaderUITests-frameworks-${CONFIGURATION}-output-files.xcfilelist",
			);
			runOnlyForDeploymentPostprocessing = 0;
			shellPath = /bin/sh;
			shellScript = "\"${PODS_ROOT}/Target Support Files/Pods-DJReader-DJReaderUITests/Pods-DJReader-DJReaderUITests-frameworks.sh\"\n";
			showEnvVarsInLog = 0;
		};
		7895F21337023E5612BAB853 /* [CP] Check Pods Manifest.lock */ = {
			isa = PBXShellScriptBuildPhase;
			buildActionMask = 2147483647;
			files = (
			);
			inputFileListPaths = (
			);
			inputPaths = (
				"${PODS_PODFILE_DIR_PATH}/Podfile.lock",
				"${PODS_ROOT}/Manifest.lock",
			);
			name = "[CP] Check Pods Manifest.lock";
			outputFileListPaths = (
			);
			outputPaths = (
				"$(DERIVED_FILE_DIR)/Pods-DJReader-DJReaderUITests-checkManifestLockResult.txt",
			);
			runOnlyForDeploymentPostprocessing = 0;
			shellPath = /bin/sh;
			shellScript = "diff \"${PODS_PODFILE_DIR_PATH}/Podfile.lock\" \"${PODS_ROOT}/Manifest.lock\" > /dev/null\nif [ $? != 0 ] ; then\n    # print error to STDERR\n    echo \"error: The sandbox is not in sync with the Podfile.lock. Run 'pod install' or update your CocoaPods installation.\" >&2\n    exit 1\nfi\n# This output is used by Xcode 'outputs' to avoid re-running this script phase.\necho \"SUCCESS\" > \"${SCRIPT_OUTPUT_FILE_0}\"\n";
			showEnvVarsInLog = 0;
		};
		7EE4E3E2108B8329B387384C /* [CP] Check Pods Manifest.lock */ = {
			isa = PBXShellScriptBuildPhase;
			buildActionMask = 2147483647;
			files = (
			);
			inputFileListPaths = (
			);
			inputPaths = (
				"${PODS_PODFILE_DIR_PATH}/Podfile.lock",
				"${PODS_ROOT}/Manifest.lock",
			);
			name = "[CP] Check Pods Manifest.lock";
			outputFileListPaths = (
			);
			outputPaths = (
				"$(DERIVED_FILE_DIR)/Pods-DJReader-checkManifestLockResult.txt",
			);
			runOnlyForDeploymentPostprocessing = 0;
			shellPath = /bin/sh;
			shellScript = "diff \"${PODS_PODFILE_DIR_PATH}/Podfile.lock\" \"${PODS_ROOT}/Manifest.lock\" > /dev/null\nif [ $? != 0 ] ; then\n    # print error to STDERR\n    echo \"error: The sandbox is not in sync with the Podfile.lock. Run 'pod install' or update your CocoaPods installation.\" >&2\n    exit 1\nfi\n# This output is used by Xcode 'outputs' to avoid re-running this script phase.\necho \"SUCCESS\" > \"${SCRIPT_OUTPUT_FILE_0}\"\n";
			showEnvVarsInLog = 0;
		};
		D41E3A016F2EB969EF22E9B6 /* [CP] Check Pods Manifest.lock */ = {
			isa = PBXShellScriptBuildPhase;
			buildActionMask = 2147483647;
			files = (
			);
			inputFileListPaths = (
			);
			inputPaths = (
				"${PODS_PODFILE_DIR_PATH}/Podfile.lock",
				"${PODS_ROOT}/Manifest.lock",
			);
			name = "[CP] Check Pods Manifest.lock";
			outputFileListPaths = (
			);
			outputPaths = (
				"$(DERIVED_FILE_DIR)/Pods-DJReaderTests-checkManifestLockResult.txt",
			);
			runOnlyForDeploymentPostprocessing = 0;
			shellPath = /bin/sh;
			shellScript = "diff \"${PODS_PODFILE_DIR_PATH}/Podfile.lock\" \"${PODS_ROOT}/Manifest.lock\" > /dev/null\nif [ $? != 0 ] ; then\n    # print error to STDERR\n    echo \"error: The sandbox is not in sync with the Podfile.lock. Run 'pod install' or update your CocoaPods installation.\" >&2\n    exit 1\nfi\n# This output is used by Xcode 'outputs' to avoid re-running this script phase.\necho \"SUCCESS\" > \"${SCRIPT_OUTPUT_FILE_0}\"\n";
			showEnvVarsInLog = 0;
		};
/* End PBXShellScriptBuildPhase section */

/* Begin PBXSourcesBuildPhase section */
		73073FC226B3F3BD00F9AFE9 /* Sources */ = {
			isa = PBXSourcesBuildPhase;
			buildActionMask = 2147483647;
			files = (
				73FE8E2226B47ECA00B174C2 /* MainCoordinator.swift in Sources */,
				73FE8E1E26B47E7800B174C2 /* Coordinator.swift in Sources */,
				73FE8E2A26B4818400B174C2 /* FeedViewController.swift in Sources */,
				73730E4A26BC1AA900DBE71A /* FeedConvertible.swift in Sources */,
				73730E4726BC198300DBE71A /* StoryList.swift in Sources */,
				73FE8E3E26B51DB400B174C2 /* DBManage.swift in Sources */,
				73730E4F26BC268800DBE71A /* ImageDownloadManager.swift in Sources */,
				73730E4526BC164E00DBE71A /* GeneralRouter.swift in Sources */,
				73073FCE26B3F3BD00F9AFE9 /* MainFeedViewController.swift in Sources */,
				73FE8E8926B57A5D00B174C2 /* FeedItem.swift in Sources */,
				73FE8E3226B4880300B174C2 /* Date+Ext.swift in Sources */,
				73FE8E1A26B4766E00B174C2 /* MainFeedViewModel.swift in Sources */,
				73FE8E2C26B4839000B174C2 /* BaseViewController.swift in Sources */,
				73FE8E0A26B45B8D00B174C2 /* FeedCell.swift in Sources */,
				73FE8E8F26B68D9400B174C2 /* ArticleWebViewController.swift in Sources */,
				73D0037026BA7AE200F841E7 /* CnBetaXMLParser.swift in Sources */,
				73730E5126BC287000DBE71A /* UIImageView+Ext.swift in Sources */,
				73FE8E0F26B467C700B174C2 /* DJColor.swift in Sources */,
				73FE8E3426B4882B00B174C2 /* DateHelper.swift in Sources */,
				73730E3C26BC0D0E00DBE71A /* URLConvertible.swift in Sources */,
				737642D526B42675002E090C /* DJDecoder.swift in Sources */,
				73730E4D26BC1F1400DBE71A /* ImageOperation.swift in Sources */,
				73FE8E1426B46BBC00B174C2 /* UITableViewCell+Ext.swift in Sources */,
				737642D326B416F6002E090C /* Feed.swift in Sources */,
				73FE8E2426B47F8000B174C2 /* App.swift in Sources */,
				7307400026B3F50900F9AFE9 /* FeedSource.swift in Sources */,
				73FE8E1C26B47C1800B174C2 /* Enviroment.swift in Sources */,
				73FE8E8B26B57A7D00B174C2 /* MainFeed.swift in Sources */,
				73730E4126BC0F3900DBE71A /* Router.swift in Sources */,
				73073FCA26B3F3BD00F9AFE9 /* AppDelegate.swift in Sources */,
				73073FCC26B3F3BD00F9AFE9 /* SceneDelegate.swift in Sources */,
				73FE8E2F26B4851400B174C2 /* FeedDetailCell.swift in Sources */,
				73730E4326BC112900DBE71A /* Error.swift in Sources */,
				73FE8E1226B46AC500B174C2 /* UIView+Ext.swift in Sources */,
				737642D126B41607002E090C /* ZhihuXMLParser.swift in Sources */,
				73073FFC26B3F40A00F9AFE9 /* APIClient.swift in Sources */,
				73730E3F26BC0EAC00DBE71A /* ZhihuReportRouter.swift in Sources */,
				73FE8E2826B4814800B174C2 /* UINavigation+Ext.swift in Sources */,
				737642CE26B413B1002E090C /* DJParse.swift in Sources */,
				73FE8E8726B573ED00B174C2 /* SQLTable.swift in Sources */,
			);
			runOnlyForDeploymentPostprocessing = 0;
		};
		73073FD826B3F3C000F9AFE9 /* Sources */ = {
			isa = PBXSourcesBuildPhase;
			buildActionMask = 2147483647;
			files = (
				73073FE126B3F3C000F9AFE9 /* DJReaderTests.swift in Sources */,
			);
			runOnlyForDeploymentPostprocessing = 0;
		};
		73073FE326B3F3C000F9AFE9 /* Sources */ = {
			isa = PBXSourcesBuildPhase;
			buildActionMask = 2147483647;
			files = (
				73073FEC26B3F3C000F9AFE9 /* DJReaderUITests.swift in Sources */,
			);
			runOnlyForDeploymentPostprocessing = 0;
		};
/* End PBXSourcesBuildPhase section */

/* Begin PBXTargetDependency section */
		73073FDE26B3F3C000F9AFE9 /* PBXTargetDependency */ = {
			isa = PBXTargetDependency;
			target = 73073FC526B3F3BD00F9AFE9 /* DJReader */;
			targetProxy = 73073FDD26B3F3C000F9AFE9 /* PBXContainerItemProxy */;
		};
		73073FE926B3F3C000F9AFE9 /* PBXTargetDependency */ = {
			isa = PBXTargetDependency;
			target = 73073FC526B3F3BD00F9AFE9 /* DJReader */;
			targetProxy = 73073FE826B3F3C000F9AFE9 /* PBXContainerItemProxy */;
		};
/* End PBXTargetDependency section */

/* Begin PBXVariantGroup section */
		73073FCF26B3F3BD00F9AFE9 /* Main.storyboard */ = {
			isa = PBXVariantGroup;
			children = (
				73073FD026B3F3BD00F9AFE9 /* Base */,
			);
			name = Main.storyboard;
			sourceTree = "<group>";
		};
		73073FD426B3F3C000F9AFE9 /* LaunchScreen.storyboard */ = {
			isa = PBXVariantGroup;
			children = (
				73073FD526B3F3C000F9AFE9 /* Base */,
			);
			name = LaunchScreen.storyboard;
			sourceTree = "<group>";
		};
/* End PBXVariantGroup section */

/* Begin XCBuildConfiguration section */
		73073FEE26B3F3C000F9AFE9 /* Debug */ = {
			isa = XCBuildConfiguration;
			buildSettings = {
				ALWAYS_SEARCH_USER_PATHS = NO;
				CLANG_ANALYZER_NONNULL = YES;
				CLANG_ANALYZER_NUMBER_OBJECT_CONVERSION = YES_AGGRESSIVE;
				CLANG_CXX_LANGUAGE_STANDARD = "gnu++14";
				CLANG_CXX_LIBRARY = "libc++";
				CLANG_ENABLE_MODULES = YES;
				CLANG_ENABLE_OBJC_ARC = YES;
				CLANG_ENABLE_OBJC_WEAK = YES;
				CLANG_WARN_BLOCK_CAPTURE_AUTORELEASING = YES;
				CLANG_WARN_BOOL_CONVERSION = YES;
				CLANG_WARN_COMMA = YES;
				CLANG_WARN_CONSTANT_CONVERSION = YES;
				CLANG_WARN_DEPRECATED_OBJC_IMPLEMENTATIONS = YES;
				CLANG_WARN_DIRECT_OBJC_ISA_USAGE = YES_ERROR;
				CLANG_WARN_DOCUMENTATION_COMMENTS = YES;
				CLANG_WARN_EMPTY_BODY = YES;
				CLANG_WARN_ENUM_CONVERSION = YES;
				CLANG_WARN_INFINITE_RECURSION = YES;
				CLANG_WARN_INT_CONVERSION = YES;
				CLANG_WARN_NON_LITERAL_NULL_CONVERSION = YES;
				CLANG_WARN_OBJC_IMPLICIT_RETAIN_SELF = YES;
				CLANG_WARN_OBJC_LITERAL_CONVERSION = YES;
				CLANG_WARN_OBJC_ROOT_CLASS = YES_ERROR;
				CLANG_WARN_QUOTED_INCLUDE_IN_FRAMEWORK_HEADER = YES;
				CLANG_WARN_RANGE_LOOP_ANALYSIS = YES;
				CLANG_WARN_STRICT_PROTOTYPES = YES;
				CLANG_WARN_SUSPICIOUS_MOVE = YES;
				CLANG_WARN_UNGUARDED_AVAILABILITY = YES_AGGRESSIVE;
				CLANG_WARN_UNREACHABLE_CODE = YES;
				CLANG_WARN__DUPLICATE_METHOD_MATCH = YES;
				COPY_PHASE_STRIP = NO;
				DEBUG_INFORMATION_FORMAT = dwarf;
				ENABLE_STRICT_OBJC_MSGSEND = YES;
				ENABLE_TESTABILITY = YES;
				GCC_C_LANGUAGE_STANDARD = gnu11;
				GCC_DYNAMIC_NO_PIC = NO;
				GCC_NO_COMMON_BLOCKS = YES;
				GCC_OPTIMIZATION_LEVEL = 0;
				GCC_PREPROCESSOR_DEFINITIONS = (
					"DEBUG=1",
					"$(inherited)",
				);
				GCC_WARN_64_TO_32_BIT_CONVERSION = YES;
				GCC_WARN_ABOUT_RETURN_TYPE = YES_ERROR;
				GCC_WARN_UNDECLARED_SELECTOR = YES;
				GCC_WARN_UNINITIALIZED_AUTOS = YES_AGGRESSIVE;
				GCC_WARN_UNUSED_FUNCTION = YES;
				GCC_WARN_UNUSED_VARIABLE = YES;
				IPHONEOS_DEPLOYMENT_TARGET = 14.5;
				MTL_ENABLE_DEBUG_INFO = INCLUDE_SOURCE;
				MTL_FAST_MATH = YES;
				ONLY_ACTIVE_ARCH = YES;
				SDKROOT = iphoneos;
				SWIFT_ACTIVE_COMPILATION_CONDITIONS = DEBUG;
				SWIFT_OPTIMIZATION_LEVEL = "-Onone";
			};
			name = Debug;
		};
		73073FEF26B3F3C000F9AFE9 /* Release */ = {
			isa = XCBuildConfiguration;
			buildSettings = {
				ALWAYS_SEARCH_USER_PATHS = NO;
				CLANG_ANALYZER_NONNULL = YES;
				CLANG_ANALYZER_NUMBER_OBJECT_CONVERSION = YES_AGGRESSIVE;
				CLANG_CXX_LANGUAGE_STANDARD = "gnu++14";
				CLANG_CXX_LIBRARY = "libc++";
				CLANG_ENABLE_MODULES = YES;
				CLANG_ENABLE_OBJC_ARC = YES;
				CLANG_ENABLE_OBJC_WEAK = YES;
				CLANG_WARN_BLOCK_CAPTURE_AUTORELEASING = YES;
				CLANG_WARN_BOOL_CONVERSION = YES;
				CLANG_WARN_COMMA = YES;
				CLANG_WARN_CONSTANT_CONVERSION = YES;
				CLANG_WARN_DEPRECATED_OBJC_IMPLEMENTATIONS = YES;
				CLANG_WARN_DIRECT_OBJC_ISA_USAGE = YES_ERROR;
				CLANG_WARN_DOCUMENTATION_COMMENTS = YES;
				CLANG_WARN_EMPTY_BODY = YES;
				CLANG_WARN_ENUM_CONVERSION = YES;
				CLANG_WARN_INFINITE_RECURSION = YES;
				CLANG_WARN_INT_CONVERSION = YES;
				CLANG_WARN_NON_LITERAL_NULL_CONVERSION = YES;
				CLANG_WARN_OBJC_IMPLICIT_RETAIN_SELF = YES;
				CLANG_WARN_OBJC_LITERAL_CONVERSION = YES;
				CLANG_WARN_OBJC_ROOT_CLASS = YES_ERROR;
				CLANG_WARN_QUOTED_INCLUDE_IN_FRAMEWORK_HEADER = YES;
				CLANG_WARN_RANGE_LOOP_ANALYSIS = YES;
				CLANG_WARN_STRICT_PROTOTYPES = YES;
				CLANG_WARN_SUSPICIOUS_MOVE = YES;
				CLANG_WARN_UNGUARDED_AVAILABILITY = YES_AGGRESSIVE;
				CLANG_WARN_UNREACHABLE_CODE = YES;
				CLANG_WARN__DUPLICATE_METHOD_MATCH = YES;
				COPY_PHASE_STRIP = NO;
				DEBUG_INFORMATION_FORMAT = "dwarf-with-dsym";
				ENABLE_NS_ASSERTIONS = NO;
				ENABLE_STRICT_OBJC_MSGSEND = YES;
				GCC_C_LANGUAGE_STANDARD = gnu11;
				GCC_NO_COMMON_BLOCKS = YES;
				GCC_WARN_64_TO_32_BIT_CONVERSION = YES;
				GCC_WARN_ABOUT_RETURN_TYPE = YES_ERROR;
				GCC_WARN_UNDECLARED_SELECTOR = YES;
				GCC_WARN_UNINITIALIZED_AUTOS = YES_AGGRESSIVE;
				GCC_WARN_UNUSED_FUNCTION = YES;
				GCC_WARN_UNUSED_VARIABLE = YES;
				IPHONEOS_DEPLOYMENT_TARGET = 14.5;
				MTL_ENABLE_DEBUG_INFO = NO;
				MTL_FAST_MATH = YES;
				SDKROOT = iphoneos;
				SWIFT_COMPILATION_MODE = wholemodule;
				SWIFT_OPTIMIZATION_LEVEL = "-O";
				VALIDATE_PRODUCT = YES;
			};
			name = Release;
		};
		73073FF126B3F3C000F9AFE9 /* Debug */ = {
			isa = XCBuildConfiguration;
			baseConfigurationReference = B94EFB3857F065D9256D5D23 /* Pods-DJReader.debug.xcconfig */;
			buildSettings = {
				ASSETCATALOG_COMPILER_APPICON_NAME = AppIcon;
				ASSETCATALOG_COMPILER_GLOBAL_ACCENT_COLOR_NAME = AccentColor;
				CODE_SIGN_STYLE = Automatic;
				DEVELOPMENT_TEAM = U4Y29F8CZ3;
				INFOPLIST_FILE = DJReader/Info.plist;
				LD_RUNPATH_SEARCH_PATHS = (
					"$(inherited)",
					"@executable_path/Frameworks",
				);
				PRODUCT_BUNDLE_IDENTIFIER = dyljqq.DJReader;
				PRODUCT_NAME = "$(TARGET_NAME)";
				SWIFT_VERSION = 5.0;
				TARGETED_DEVICE_FAMILY = "1,2";
			};
			name = Debug;
		};
		73073FF226B3F3C000F9AFE9 /* Release */ = {
			isa = XCBuildConfiguration;
			baseConfigurationReference = F99CF32702E8D059BEC59322 /* Pods-DJReader.release.xcconfig */;
			buildSettings = {
				ASSETCATALOG_COMPILER_APPICON_NAME = AppIcon;
				ASSETCATALOG_COMPILER_GLOBAL_ACCENT_COLOR_NAME = AccentColor;
				CODE_SIGN_STYLE = Automatic;
				DEVELOPMENT_TEAM = U4Y29F8CZ3;
				INFOPLIST_FILE = DJReader/Info.plist;
				LD_RUNPATH_SEARCH_PATHS = (
					"$(inherited)",
					"@executable_path/Frameworks",
				);
				PRODUCT_BUNDLE_IDENTIFIER = dyljqq.DJReader;
				PRODUCT_NAME = "$(TARGET_NAME)";
				SWIFT_VERSION = 5.0;
				TARGETED_DEVICE_FAMILY = "1,2";
			};
			name = Release;
		};
		73073FF426B3F3C000F9AFE9 /* Debug */ = {
			isa = XCBuildConfiguration;
			baseConfigurationReference = 8CF89B86220797DA89E6EF9C /* Pods-DJReaderTests.debug.xcconfig */;
			buildSettings = {
				ALWAYS_EMBED_SWIFT_STANDARD_LIBRARIES = YES;
				BUNDLE_LOADER = "$(TEST_HOST)";
				CODE_SIGN_STYLE = Automatic;
				DEVELOPMENT_TEAM = U4Y29F8CZ3;
				INFOPLIST_FILE = DJReaderTests/Info.plist;
				IPHONEOS_DEPLOYMENT_TARGET = 14.5;
				LD_RUNPATH_SEARCH_PATHS = (
					"$(inherited)",
					"@executable_path/Frameworks",
					"@loader_path/Frameworks",
				);
				PRODUCT_BUNDLE_IDENTIFIER = dyljqq.DJReaderTests;
				PRODUCT_NAME = "$(TARGET_NAME)";
				SWIFT_VERSION = 5.0;
				TARGETED_DEVICE_FAMILY = "1,2";
				TEST_HOST = "$(BUILT_PRODUCTS_DIR)/DJReader.app/DJReader";
			};
			name = Debug;
		};
		73073FF526B3F3C000F9AFE9 /* Release */ = {
			isa = XCBuildConfiguration;
			baseConfigurationReference = BFE47BCEDD7102A4957584A9 /* Pods-DJReaderTests.release.xcconfig */;
			buildSettings = {
				ALWAYS_EMBED_SWIFT_STANDARD_LIBRARIES = YES;
				BUNDLE_LOADER = "$(TEST_HOST)";
				CODE_SIGN_STYLE = Automatic;
				DEVELOPMENT_TEAM = U4Y29F8CZ3;
				INFOPLIST_FILE = DJReaderTests/Info.plist;
				IPHONEOS_DEPLOYMENT_TARGET = 14.5;
				LD_RUNPATH_SEARCH_PATHS = (
					"$(inherited)",
					"@executable_path/Frameworks",
					"@loader_path/Frameworks",
				);
				PRODUCT_BUNDLE_IDENTIFIER = dyljqq.DJReaderTests;
				PRODUCT_NAME = "$(TARGET_NAME)";
				SWIFT_VERSION = 5.0;
				TARGETED_DEVICE_FAMILY = "1,2";
				TEST_HOST = "$(BUILT_PRODUCTS_DIR)/DJReader.app/DJReader";
			};
			name = Release;
		};
		73073FF726B3F3C000F9AFE9 /* Debug */ = {
			isa = XCBuildConfiguration;
			baseConfigurationReference = D10808D7ECCFB02765618E75 /* Pods-DJReader-DJReaderUITests.debug.xcconfig */;
			buildSettings = {
				ALWAYS_EMBED_SWIFT_STANDARD_LIBRARIES = YES;
				CODE_SIGN_STYLE = Automatic;
				DEVELOPMENT_TEAM = U4Y29F8CZ3;
				INFOPLIST_FILE = DJReaderUITests/Info.plist;
				LD_RUNPATH_SEARCH_PATHS = (
					"$(inherited)",
					"@executable_path/Frameworks",
					"@loader_path/Frameworks",
				);
				PRODUCT_BUNDLE_IDENTIFIER = dyljqq.DJReaderUITests;
				PRODUCT_NAME = "$(TARGET_NAME)";
				SWIFT_VERSION = 5.0;
				TARGETED_DEVICE_FAMILY = "1,2";
				TEST_TARGET_NAME = DJReader;
			};
			name = Debug;
		};
		73073FF826B3F3C000F9AFE9 /* Release */ = {
			isa = XCBuildConfiguration;
			baseConfigurationReference = CBAB89C882FCC94640384D40 /* Pods-DJReader-DJReaderUITests.release.xcconfig */;
			buildSettings = {
				ALWAYS_EMBED_SWIFT_STANDARD_LIBRARIES = YES;
				CODE_SIGN_STYLE = Automatic;
				DEVELOPMENT_TEAM = U4Y29F8CZ3;
				INFOPLIST_FILE = DJReaderUITests/Info.plist;
				LD_RUNPATH_SEARCH_PATHS = (
					"$(inherited)",
					"@executable_path/Frameworks",
					"@loader_path/Frameworks",
				);
				PRODUCT_BUNDLE_IDENTIFIER = dyljqq.DJReaderUITests;
				PRODUCT_NAME = "$(TARGET_NAME)";
				SWIFT_VERSION = 5.0;
				TARGETED_DEVICE_FAMILY = "1,2";
				TEST_TARGET_NAME = DJReader;
			};
			name = Release;
		};
/* End XCBuildConfiguration section */

/* Begin XCConfigurationList section */
		73073FC126B3F3BD00F9AFE9 /* Build configuration list for PBXProject "DJReader" */ = {
			isa = XCConfigurationList;
			buildConfigurations = (
				73073FEE26B3F3C000F9AFE9 /* Debug */,
				73073FEF26B3F3C000F9AFE9 /* Release */,
			);
			defaultConfigurationIsVisible = 0;
			defaultConfigurationName = Release;
		};
		73073FF026B3F3C000F9AFE9 /* Build configuration list for PBXNativeTarget "DJReader" */ = {
			isa = XCConfigurationList;
			buildConfigurations = (
				73073FF126B3F3C000F9AFE9 /* Debug */,
				73073FF226B3F3C000F9AFE9 /* Release */,
			);
			defaultConfigurationIsVisible = 0;
			defaultConfigurationName = Release;
		};
		73073FF326B3F3C000F9AFE9 /* Build configuration list for PBXNativeTarget "DJReaderTests" */ = {
			isa = XCConfigurationList;
			buildConfigurations = (
				73073FF426B3F3C000F9AFE9 /* Debug */,
				73073FF526B3F3C000F9AFE9 /* Release */,
			);
			defaultConfigurationIsVisible = 0;
			defaultConfigurationName = Release;
		};
		73073FF626B3F3C000F9AFE9 /* Build configuration list for PBXNativeTarget "DJReaderUITests" */ = {
			isa = XCConfigurationList;
			buildConfigurations = (
				73073FF726B3F3C000F9AFE9 /* Debug */,
				73073FF826B3F3C000F9AFE9 /* Release */,
			);
			defaultConfigurationIsVisible = 0;
			defaultConfigurationName = Release;
		};
/* End XCConfigurationList section */

/* Begin XCRemoteSwiftPackageReference section */
		73FE8E1526B46F9A00B174C2 /* XCRemoteSwiftPackageReference "SnapKit" */ = {
			isa = XCRemoteSwiftPackageReference;
			repositoryURL = "https://github.com/SnapKit/SnapKit.git";
			requirement = {
				kind = upToNextMajorVersion;
				minimumVersion = 5.0.1;
			};
		};
/* End XCRemoteSwiftPackageReference section */

/* Begin XCSwiftPackageProductDependency section */
		73FE8E1626B46F9A00B174C2 /* SnapKit */ = {
			isa = XCSwiftPackageProductDependency;
			package = 73FE8E1526B46F9A00B174C2 /* XCRemoteSwiftPackageReference "SnapKit" */;
			productName = SnapKit;
		};
/* End XCSwiftPackageProductDependency section */
	};
	rootObject = 73073FBE26B3F3BD00F9AFE9 /* Project object */;
}
